// !$*UTF8*$!
{
	archiveVersion = 1;
	classes = {
	};
	objectVersion = 56;
	objects = {

/* Begin PBXBuildFile section */
		C09409F32C6732BA002A9075 /* NPSSuggestionsApp.swift in Sources */ = {isa = PBXBuildFile; fileRef = C09409F22C6732BA002A9075 /* NPSSuggestionsApp.swift */; };
		C09409F52C6732BA002A9075 /* ContentView.swift in Sources */ = {isa = PBXBuildFile; fileRef = C09409F42C6732BA002A9075 /* ContentView.swift */; };
		C09409F72C6732BA002A9075 /* Item.swift in Sources */ = {isa = PBXBuildFile; fileRef = C09409F62C6732BA002A9075 /* Item.swift */; };
		C09409F92C6732BC002A9075 /* Assets.xcassets in Resources */ = {isa = PBXBuildFile; fileRef = C09409F82C6732BC002A9075 /* Assets.xcassets */; };
		C09409FC2C6732BC002A9075 /* Preview Assets.xcassets in Resources */ = {isa = PBXBuildFile; fileRef = C09409FB2C6732BC002A9075 /* Preview Assets.xcassets */; };
		C0940A042C677745002A9075 /* FirebaseAnalytics in Frameworks */ = {isa = PBXBuildFile; productRef = C0940A032C677745002A9075 /* FirebaseAnalytics */; };
		C0940A062C677745002A9075 /* FirebaseAnalyticsOnDeviceConversion in Frameworks */ = {isa = PBXBuildFile; productRef = C0940A052C677745002A9075 /* FirebaseAnalyticsOnDeviceConversion */; };
		C0940A082C677745002A9075 /* FirebaseAnalyticsWithoutAdIdSupport in Frameworks */ = {isa = PBXBuildFile; productRef = C0940A072C677745002A9075 /* FirebaseAnalyticsWithoutAdIdSupport */; };
		C0940A0A2C677745002A9075 /* FirebaseAppCheck in Frameworks */ = {isa = PBXBuildFile; productRef = C0940A092C677745002A9075 /* FirebaseAppCheck */; };
		C0940A0C2C677745002A9075 /* FirebaseAppDistribution-Beta in Frameworks */ = {isa = PBXBuildFile; productRef = C0940A0B2C677745002A9075 /* FirebaseAppDistribution-Beta */; };
		C0940A0E2C677745002A9075 /* FirebaseAuth in Frameworks */ = {isa = PBXBuildFile; productRef = C0940A0D2C677745002A9075 /* FirebaseAuth */; };
		C0940A102C677745002A9075 /* FirebaseAuthCombine-Community in Frameworks */ = {isa = PBXBuildFile; productRef = C0940A0F2C677745002A9075 /* FirebaseAuthCombine-Community */; };
		C0940A122C677745002A9075 /* FirebaseCrashlytics in Frameworks */ = {isa = PBXBuildFile; productRef = C0940A112C677745002A9075 /* FirebaseCrashlytics */; };
		C0940A142C677745002A9075 /* FirebaseDatabase in Frameworks */ = {isa = PBXBuildFile; productRef = C0940A132C677745002A9075 /* FirebaseDatabase */; };
		C0940A162C677745002A9075 /* FirebaseDynamicLinks in Frameworks */ = {isa = PBXBuildFile; productRef = C0940A152C677745002A9075 /* FirebaseDynamicLinks */; };
		C0940A182C677745002A9075 /* FirebaseFirestore in Frameworks */ = {isa = PBXBuildFile; productRef = C0940A172C677745002A9075 /* FirebaseFirestore */; };
		C0940A1A2C677745002A9075 /* FirebaseFirestoreCombine-Community in Frameworks */ = {isa = PBXBuildFile; productRef = C0940A192C677745002A9075 /* FirebaseFirestoreCombine-Community */; };
		C0940A1C2C677745002A9075 /* FirebaseFunctions in Frameworks */ = {isa = PBXBuildFile; productRef = C0940A1B2C677745002A9075 /* FirebaseFunctions */; };
		C0940A1E2C677745002A9075 /* FirebaseFunctionsCombine-Community in Frameworks */ = {isa = PBXBuildFile; productRef = C0940A1D2C677745002A9075 /* FirebaseFunctionsCombine-Community */; };
		C0940A202C677745002A9075 /* FirebaseInAppMessaging-Beta in Frameworks */ = {isa = PBXBuildFile; productRef = C0940A1F2C677745002A9075 /* FirebaseInAppMessaging-Beta */; };
		C0940A222C677745002A9075 /* FirebaseInstallations in Frameworks */ = {isa = PBXBuildFile; productRef = C0940A212C677745002A9075 /* FirebaseInstallations */; };
		C0940A242C677745002A9075 /* FirebaseMLModelDownloader in Frameworks */ = {isa = PBXBuildFile; productRef = C0940A232C677745002A9075 /* FirebaseMLModelDownloader */; };
		C0940A262C677745002A9075 /* FirebaseMessaging in Frameworks */ = {isa = PBXBuildFile; productRef = C0940A252C677745002A9075 /* FirebaseMessaging */; };
		C0940A282C677745002A9075 /* FirebasePerformance in Frameworks */ = {isa = PBXBuildFile; productRef = C0940A272C677745002A9075 /* FirebasePerformance */; };
		C0940A2A2C677745002A9075 /* FirebaseRemoteConfig in Frameworks */ = {isa = PBXBuildFile; productRef = C0940A292C677745002A9075 /* FirebaseRemoteConfig */; };
		C0940A2C2C677745002A9075 /* FirebaseStorage in Frameworks */ = {isa = PBXBuildFile; productRef = C0940A2B2C677745002A9075 /* FirebaseStorage */; };
		C0940A2E2C677745002A9075 /* FirebaseStorageCombine-Community in Frameworks */ = {isa = PBXBuildFile; productRef = C0940A2D2C677745002A9075 /* FirebaseStorageCombine-Community */; };
		C0940A302C677745002A9075 /* FirebaseVertexAI-Preview in Frameworks */ = {isa = PBXBuildFile; productRef = C0940A2F2C677745002A9075 /* FirebaseVertexAI-Preview */; };
		C0985F472C75E3580005D3F5 /* MapView.swift in Sources */ = {isa = PBXBuildFile; fileRef = C0985F462C75E3580005D3F5 /* MapView.swift */; };
		C0EB8D742C6865D100C7699E /* FirebaseAnalytics in Frameworks */ = {isa = PBXBuildFile; productRef = C0EB8D732C6865D100C7699E /* FirebaseAnalytics */; };
		C0EB8D762C6865D100C7699E /* FirebaseAnalyticsOnDeviceConversion in Frameworks */ = {isa = PBXBuildFile; productRef = C0EB8D752C6865D100C7699E /* FirebaseAnalyticsOnDeviceConversion */; };
		C0EB8D782C6865D100C7699E /* FirebaseAnalyticsWithoutAdIdSupport in Frameworks */ = {isa = PBXBuildFile; productRef = C0EB8D772C6865D100C7699E /* FirebaseAnalyticsWithoutAdIdSupport */; };
		C0EB8D7A2C6865D100C7699E /* FirebaseAppCheck in Frameworks */ = {isa = PBXBuildFile; productRef = C0EB8D792C6865D100C7699E /* FirebaseAppCheck */; };
		C0EB8D7C2C6865D100C7699E /* FirebaseAppDistribution-Beta in Frameworks */ = {isa = PBXBuildFile; productRef = C0EB8D7B2C6865D100C7699E /* FirebaseAppDistribution-Beta */; };
		C0EB8D7E2C6865D100C7699E /* FirebaseAuth in Frameworks */ = {isa = PBXBuildFile; productRef = C0EB8D7D2C6865D100C7699E /* FirebaseAuth */; };
		C0EB8D802C6865D100C7699E /* FirebaseAuthCombine-Community in Frameworks */ = {isa = PBXBuildFile; productRef = C0EB8D7F2C6865D100C7699E /* FirebaseAuthCombine-Community */; };
		C0EB8D822C6865D100C7699E /* FirebaseCrashlytics in Frameworks */ = {isa = PBXBuildFile; productRef = C0EB8D812C6865D100C7699E /* FirebaseCrashlytics */; };
		C0EB8D842C6865D100C7699E /* FirebaseDatabase in Frameworks */ = {isa = PBXBuildFile; productRef = C0EB8D832C6865D100C7699E /* FirebaseDatabase */; };
		C0EB8D862C6865D100C7699E /* FirebaseDynamicLinks in Frameworks */ = {isa = PBXBuildFile; productRef = C0EB8D852C6865D100C7699E /* FirebaseDynamicLinks */; };
		C0EB8D882C6865D100C7699E /* FirebaseFirestore in Frameworks */ = {isa = PBXBuildFile; productRef = C0EB8D872C6865D100C7699E /* FirebaseFirestore */; };
		C0EB8D8A2C6865D100C7699E /* FirebaseFirestoreCombine-Community in Frameworks */ = {isa = PBXBuildFile; productRef = C0EB8D892C6865D100C7699E /* FirebaseFirestoreCombine-Community */; };
		C0EB8D8C2C6865D100C7699E /* FirebaseFunctions in Frameworks */ = {isa = PBXBuildFile; productRef = C0EB8D8B2C6865D100C7699E /* FirebaseFunctions */; };
		C0EB8D8E2C6865D100C7699E /* FirebaseFunctionsCombine-Community in Frameworks */ = {isa = PBXBuildFile; productRef = C0EB8D8D2C6865D100C7699E /* FirebaseFunctionsCombine-Community */; };
		C0EB8D902C6865D100C7699E /* FirebaseInAppMessaging-Beta in Frameworks */ = {isa = PBXBuildFile; productRef = C0EB8D8F2C6865D100C7699E /* FirebaseInAppMessaging-Beta */; };
		C0EB8D922C6865D100C7699E /* FirebaseInstallations in Frameworks */ = {isa = PBXBuildFile; productRef = C0EB8D912C6865D100C7699E /* FirebaseInstallations */; };
		C0EB8D942C6865D100C7699E /* FirebaseMLModelDownloader in Frameworks */ = {isa = PBXBuildFile; productRef = C0EB8D932C6865D100C7699E /* FirebaseMLModelDownloader */; };
		C0EB8D962C6865D100C7699E /* FirebaseMessaging in Frameworks */ = {isa = PBXBuildFile; productRef = C0EB8D952C6865D100C7699E /* FirebaseMessaging */; };
		C0EB8D982C6865D100C7699E /* FirebasePerformance in Frameworks */ = {isa = PBXBuildFile; productRef = C0EB8D972C6865D100C7699E /* FirebasePerformance */; };
		C0EB8D9A2C6865D100C7699E /* FirebaseRemoteConfig in Frameworks */ = {isa = PBXBuildFile; productRef = C0EB8D992C6865D100C7699E /* FirebaseRemoteConfig */; };
		C0EB8D9C2C6865D100C7699E /* FirebaseStorage in Frameworks */ = {isa = PBXBuildFile; productRef = C0EB8D9B2C6865D100C7699E /* FirebaseStorage */; };
		C0EB8D9E2C6865D100C7699E /* FirebaseStorageCombine-Community in Frameworks */ = {isa = PBXBuildFile; productRef = C0EB8D9D2C6865D100C7699E /* FirebaseStorageCombine-Community */; };
		C0EB8DA02C6865D100C7699E /* FirebaseVertexAI-Preview in Frameworks */ = {isa = PBXBuildFile; productRef = C0EB8D9F2C6865D100C7699E /* FirebaseVertexAI-Preview */; };
		C0EB8DA22C686A6400C7699E /* GoogleService-Info.plist in Resources */ = {isa = PBXBuildFile; fileRef = C0EB8DA12C686A6400C7699E /* GoogleService-Info.plist */; };
/* End PBXBuildFile section */

/* Begin PBXFileReference section */
		C09409EF2C6732BA002A9075 /* NPSSuggestions.app */ = {isa = PBXFileReference; explicitFileType = wrapper.application; includeInIndex = 0; path = NPSSuggestions.app; sourceTree = BUILT_PRODUCTS_DIR; };
		C09409F22C6732BA002A9075 /* NPSSuggestionsApp.swift */ = {isa = PBXFileReference; lastKnownFileType = sourcecode.swift; path = NPSSuggestionsApp.swift; sourceTree = "<group>"; };
		C09409F42C6732BA002A9075 /* ContentView.swift */ = {isa = PBXFileReference; lastKnownFileType = sourcecode.swift; path = ContentView.swift; sourceTree = "<group>"; };
		C09409F62C6732BA002A9075 /* Item.swift */ = {isa = PBXFileReference; lastKnownFileType = sourcecode.swift; path = Item.swift; sourceTree = "<group>"; };
		C09409F82C6732BC002A9075 /* Assets.xcassets */ = {isa = PBXFileReference; lastKnownFileType = folder.assetcatalog; path = Assets.xcassets; sourceTree = "<group>"; };
		C09409FB2C6732BC002A9075 /* Preview Assets.xcassets */ = {isa = PBXFileReference; lastKnownFileType = folder.assetcatalog; path = "Preview Assets.xcassets"; sourceTree = "<group>"; };
		C0985F462C75E3580005D3F5 /* MapView.swift */ = {isa = PBXFileReference; lastKnownFileType = sourcecode.swift; path = MapView.swift; sourceTree = "<group>"; };
		C0EB8DA12C686A6400C7699E /* GoogleService-Info.plist */ = {isa = PBXFileReference; fileEncoding = 4; lastKnownFileType = text.plist.xml; path = "GoogleService-Info.plist"; sourceTree = "<group>"; };
/* End PBXFileReference section */

/* Begin PBXFrameworksBuildPhase section */
		C09409EC2C6732BA002A9075 /* Frameworks */ = {
			isa = PBXFrameworksBuildPhase;
			buildActionMask = 2147483647;
			files = (
				C0940A2E2C677745002A9075 /* FirebaseStorageCombine-Community in Frameworks */,
				C0940A262C677745002A9075 /* FirebaseMessaging in Frameworks */,
				C0EB8D762C6865D100C7699E /* FirebaseAnalyticsOnDeviceConversion in Frameworks */,
				C0EB8D8C2C6865D100C7699E /* FirebaseFunctions in Frameworks */,
				C0EB8D742C6865D100C7699E /* FirebaseAnalytics in Frameworks */,
				C0940A242C677745002A9075 /* FirebaseMLModelDownloader in Frameworks */,
				C0940A0A2C677745002A9075 /* FirebaseAppCheck in Frameworks */,
				C0EB8D9E2C6865D100C7699E /* FirebaseStorageCombine-Community in Frameworks */,
				C0EB8D842C6865D100C7699E /* FirebaseDatabase in Frameworks */,
				C0940A0E2C677745002A9075 /* FirebaseAuth in Frameworks */,
				C0EB8D7C2C6865D100C7699E /* FirebaseAppDistribution-Beta in Frameworks */,
				C0940A042C677745002A9075 /* FirebaseAnalytics in Frameworks */,
				C0EB8D902C6865D100C7699E /* FirebaseInAppMessaging-Beta in Frameworks */,
				C0940A0C2C677745002A9075 /* FirebaseAppDistribution-Beta in Frameworks */,
				C0940A082C677745002A9075 /* FirebaseAnalyticsWithoutAdIdSupport in Frameworks */,
				C0EB8D982C6865D100C7699E /* FirebasePerformance in Frameworks */,
				C0940A122C677745002A9075 /* FirebaseCrashlytics in Frameworks */,
				C0EB8D922C6865D100C7699E /* FirebaseInstallations in Frameworks */,
				C0EB8D8A2C6865D100C7699E /* FirebaseFirestoreCombine-Community in Frameworks */,
				C0940A142C677745002A9075 /* FirebaseDatabase in Frameworks */,
				C0EB8D822C6865D100C7699E /* FirebaseCrashlytics in Frameworks */,
				C0940A1E2C677745002A9075 /* FirebaseFunctionsCombine-Community in Frameworks */,
				C0EB8D782C6865D100C7699E /* FirebaseAnalyticsWithoutAdIdSupport in Frameworks */,
				C0940A102C677745002A9075 /* FirebaseAuthCombine-Community in Frameworks */,
				C0940A2C2C677745002A9075 /* FirebaseStorage in Frameworks */,
				C0940A062C677745002A9075 /* FirebaseAnalyticsOnDeviceConversion in Frameworks */,
				C0940A1C2C677745002A9075 /* FirebaseFunctions in Frameworks */,
				C0EB8D882C6865D100C7699E /* FirebaseFirestore in Frameworks */,
				C0EB8D802C6865D100C7699E /* FirebaseAuthCombine-Community in Frameworks */,
				C0EB8D942C6865D100C7699E /* FirebaseMLModelDownloader in Frameworks */,
				C0940A222C677745002A9075 /* FirebaseInstallations in Frameworks */,
				C0EB8D962C6865D100C7699E /* FirebaseMessaging in Frameworks */,
				C0EB8D862C6865D100C7699E /* FirebaseDynamicLinks in Frameworks */,
				C0940A282C677745002A9075 /* FirebasePerformance in Frameworks */,
				C0940A1A2C677745002A9075 /* FirebaseFirestoreCombine-Community in Frameworks */,
				C0EB8D7E2C6865D100C7699E /* FirebaseAuth in Frameworks */,
				C0940A182C677745002A9075 /* FirebaseFirestore in Frameworks */,
				C0EB8D9A2C6865D100C7699E /* FirebaseRemoteConfig in Frameworks */,
				C0940A162C677745002A9075 /* FirebaseDynamicLinks in Frameworks */,
				C0940A202C677745002A9075 /* FirebaseInAppMessaging-Beta in Frameworks */,
				C0940A302C677745002A9075 /* FirebaseVertexAI-Preview in Frameworks */,
				C0EB8D7A2C6865D100C7699E /* FirebaseAppCheck in Frameworks */,
				C0EB8D9C2C6865D100C7699E /* FirebaseStorage in Frameworks */,
				C0940A2A2C677745002A9075 /* FirebaseRemoteConfig in Frameworks */,
				C0EB8DA02C6865D100C7699E /* FirebaseVertexAI-Preview in Frameworks */,
				C0EB8D8E2C6865D100C7699E /* FirebaseFunctionsCombine-Community in Frameworks */,
			);
			runOnlyForDeploymentPostprocessing = 0;
		};
/* End PBXFrameworksBuildPhase section */

/* Begin PBXGroup section */
		C09409E62C6732BA002A9075 = {
			isa = PBXGroup;
			children = (
				C09409F12C6732BA002A9075 /* NPSSuggestions */,
				C09409F02C6732BA002A9075 /* Products */,
			);
			sourceTree = "<group>";
		};
		C09409F02C6732BA002A9075 /* Products */ = {
			isa = PBXGroup;
			children = (
				C09409EF2C6732BA002A9075 /* NPSSuggestions.app */,
			);
			name = Products;
			sourceTree = "<group>";
		};
		C09409F12C6732BA002A9075 /* NPSSuggestions */ = {
			isa = PBXGroup;
			children = (
				C09409F22C6732BA002A9075 /* NPSSuggestionsApp.swift */,
				C09409F42C6732BA002A9075 /* ContentView.swift */,
				C0985F462C75E3580005D3F5 /* MapView.swift */,
				C09409F62C6732BA002A9075 /* Item.swift */,
				C0EB8DA12C686A6400C7699E /* GoogleService-Info.plist */,
				C09409F82C6732BC002A9075 /* Assets.xcassets */,
				C09409FA2C6732BC002A9075 /* Preview Content */,
			);
			path = NPSSuggestions;
			sourceTree = "<group>";
		};
		C09409FA2C6732BC002A9075 /* Preview Content */ = {
			isa = PBXGroup;
			children = (
				C09409FB2C6732BC002A9075 /* Preview Assets.xcassets */,
			);
			path = "Preview Content";
			sourceTree = "<group>";
		};
/* End PBXGroup section */

/* Begin PBXNativeTarget section */
		C09409EE2C6732BA002A9075 /* NPSSuggestions */ = {
			isa = PBXNativeTarget;
			buildConfigurationList = C09409FF2C6732BC002A9075 /* Build configuration list for PBXNativeTarget "NPSSuggestions" */;
			buildPhases = (
				C09409EB2C6732BA002A9075 /* Sources */,
				C09409EC2C6732BA002A9075 /* Frameworks */,
				C09409ED2C6732BA002A9075 /* Resources */,
			);
			buildRules = (
			);
			dependencies = (
			);
			name = NPSSuggestions;
			packageProductDependencies = (
				C0940A032C677745002A9075 /* FirebaseAnalytics */,
				C0940A052C677745002A9075 /* FirebaseAnalyticsOnDeviceConversion */,
				C0940A072C677745002A9075 /* FirebaseAnalyticsWithoutAdIdSupport */,
				C0940A092C677745002A9075 /* FirebaseAppCheck */,
				C0940A0B2C677745002A9075 /* FirebaseAppDistribution-Beta */,
				C0940A0D2C677745002A9075 /* FirebaseAuth */,
				C0940A0F2C677745002A9075 /* FirebaseAuthCombine-Community */,
				C0940A112C677745002A9075 /* FirebaseCrashlytics */,
				C0940A132C677745002A9075 /* FirebaseDatabase */,
				C0940A152C677745002A9075 /* FirebaseDynamicLinks */,
				C0940A172C677745002A9075 /* FirebaseFirestore */,
				C0940A192C677745002A9075 /* FirebaseFirestoreCombine-Community */,
				C0940A1B2C677745002A9075 /* FirebaseFunctions */,
				C0940A1D2C677745002A9075 /* FirebaseFunctionsCombine-Community */,
				C0940A1F2C677745002A9075 /* FirebaseInAppMessaging-Beta */,
				C0940A212C677745002A9075 /* FirebaseInstallations */,
				C0940A232C677745002A9075 /* FirebaseMLModelDownloader */,
				C0940A252C677745002A9075 /* FirebaseMessaging */,
				C0940A272C677745002A9075 /* FirebasePerformance */,
				C0940A292C677745002A9075 /* FirebaseRemoteConfig */,
				C0940A2B2C677745002A9075 /* FirebaseStorage */,
				C0940A2D2C677745002A9075 /* FirebaseStorageCombine-Community */,
				C0940A2F2C677745002A9075 /* FirebaseVertexAI-Preview */,
				C0EB8D732C6865D100C7699E /* FirebaseAnalytics */,
				C0EB8D752C6865D100C7699E /* FirebaseAnalyticsOnDeviceConversion */,
				C0EB8D772C6865D100C7699E /* FirebaseAnalyticsWithoutAdIdSupport */,
				C0EB8D792C6865D100C7699E /* FirebaseAppCheck */,
				C0EB8D7B2C6865D100C7699E /* FirebaseAppDistribution-Beta */,
				C0EB8D7D2C6865D100C7699E /* FirebaseAuth */,
				C0EB8D7F2C6865D100C7699E /* FirebaseAuthCombine-Community */,
				C0EB8D812C6865D100C7699E /* FirebaseCrashlytics */,
				C0EB8D832C6865D100C7699E /* FirebaseDatabase */,
				C0EB8D852C6865D100C7699E /* FirebaseDynamicLinks */,
				C0EB8D872C6865D100C7699E /* FirebaseFirestore */,
				C0EB8D892C6865D100C7699E /* FirebaseFirestoreCombine-Community */,
				C0EB8D8B2C6865D100C7699E /* FirebaseFunctions */,
				C0EB8D8D2C6865D100C7699E /* FirebaseFunctionsCombine-Community */,
				C0EB8D8F2C6865D100C7699E /* FirebaseInAppMessaging-Beta */,
				C0EB8D912C6865D100C7699E /* FirebaseInstallations */,
				C0EB8D932C6865D100C7699E /* FirebaseMLModelDownloader */,
				C0EB8D952C6865D100C7699E /* FirebaseMessaging */,
				C0EB8D972C6865D100C7699E /* FirebasePerformance */,
				C0EB8D992C6865D100C7699E /* FirebaseRemoteConfig */,
				C0EB8D9B2C6865D100C7699E /* FirebaseStorage */,
				C0EB8D9D2C6865D100C7699E /* FirebaseStorageCombine-Community */,
				C0EB8D9F2C6865D100C7699E /* FirebaseVertexAI-Preview */,
			);
			productName = NPSSuggestions;
			productReference = C09409EF2C6732BA002A9075 /* NPSSuggestions.app */;
			productType = "com.apple.product-type.application";
		};
/* End PBXNativeTarget section */

/* Begin PBXProject section */
		C09409E72C6732BA002A9075 /* Project object */ = {
			isa = PBXProject;
			attributes = {
				BuildIndependentTargetsInParallel = 1;
				LastSwiftUpdateCheck = 1520;
				LastUpgradeCheck = 1520;
				TargetAttributes = {
					C09409EE2C6732BA002A9075 = {
						CreatedOnToolsVersion = 15.2;
					};
				};
			};
			buildConfigurationList = C09409EA2C6732BA002A9075 /* Build configuration list for PBXProject "NPSSuggestions" */;
			compatibilityVersion = "Xcode 14.0";
			developmentRegion = en;
			hasScannedForEncodings = 0;
			knownRegions = (
				en,
				Base,
			);
			mainGroup = C09409E62C6732BA002A9075;
			packageReferences = (
				C0940A022C677745002A9075 /* XCRemoteSwiftPackageReference "firebase-ios-sdk" */,
			);
			productRefGroup = C09409F02C6732BA002A9075 /* Products */;
			projectDirPath = "";
			projectRoot = "";
			targets = (
				C09409EE2C6732BA002A9075 /* NPSSuggestions */,
			);
		};
/* End PBXProject section */

/* Begin PBXResourcesBuildPhase section */
		C09409ED2C6732BA002A9075 /* Resources */ = {
			isa = PBXResourcesBuildPhase;
			buildActionMask = 2147483647;
			files = (
				C09409FC2C6732BC002A9075 /* Preview Assets.xcassets in Resources */,
				C09409F92C6732BC002A9075 /* Assets.xcassets in Resources */,
				C0EB8DA22C686A6400C7699E /* GoogleService-Info.plist in Resources */,
			);
			runOnlyForDeploymentPostprocessing = 0;
		};
/* End PBXResourcesBuildPhase section */

/* Begin PBXSourcesBuildPhase section */
		C09409EB2C6732BA002A9075 /* Sources */ = {
			isa = PBXSourcesBuildPhase;
			buildActionMask = 2147483647;
			files = (
				C09409F52C6732BA002A9075 /* ContentView.swift in Sources */,
				C0985F472C75E3580005D3F5 /* MapView.swift in Sources */,
				C09409F72C6732BA002A9075 /* Item.swift in Sources */,
				C09409F32C6732BA002A9075 /* NPSSuggestionsApp.swift in Sources */,
			);
			runOnlyForDeploymentPostprocessing = 0;
		};
/* End PBXSourcesBuildPhase section */

/* Begin XCBuildConfiguration section */
		C09409FD2C6732BC002A9075 /* Debug */ = {
			isa = XCBuildConfiguration;
			buildSettings = {
				ALWAYS_SEARCH_USER_PATHS = NO;
				ASSETCATALOG_COMPILER_GENERATE_SWIFT_ASSET_SYMBOL_EXTENSIONS = YES;
				CLANG_ANALYZER_NONNULL = YES;
				CLANG_ANALYZER_NUMBER_OBJECT_CONVERSION = YES_AGGRESSIVE;
				CLANG_CXX_LANGUAGE_STANDARD = "gnu++20";
				CLANG_ENABLE_MODULES = YES;
				CLANG_ENABLE_OBJC_ARC = YES;
				CLANG_ENABLE_OBJC_WEAK = YES;
				CLANG_WARN_BLOCK_CAPTURE_AUTORELEASING = YES;
				CLANG_WARN_BOOL_CONVERSION = YES;
				CLANG_WARN_COMMA = YES;
				CLANG_WARN_CONSTANT_CONVERSION = YES;
				CLANG_WARN_DEPRECATED_OBJC_IMPLEMENTATIONS = YES;
				CLANG_WARN_DIRECT_OBJC_ISA_USAGE = YES_ERROR;
				CLANG_WARN_DOCUMENTATION_COMMENTS = YES;
				CLANG_WARN_EMPTY_BODY = YES;
				CLANG_WARN_ENUM_CONVERSION = YES;
				CLANG_WARN_INFINITE_RECURSION = YES;
				CLANG_WARN_INT_CONVERSION = YES;
				CLANG_WARN_NON_LITERAL_NULL_CONVERSION = YES;
				CLANG_WARN_OBJC_IMPLICIT_RETAIN_SELF = YES;
				CLANG_WARN_OBJC_LITERAL_CONVERSION = YES;
				CLANG_WARN_OBJC_ROOT_CLASS = YES_ERROR;
				CLANG_WARN_QUOTED_INCLUDE_IN_FRAMEWORK_HEADER = YES;
				CLANG_WARN_RANGE_LOOP_ANALYSIS = YES;
				CLANG_WARN_STRICT_PROTOTYPES = YES;
				CLANG_WARN_SUSPICIOUS_MOVE = YES;
				CLANG_WARN_UNGUARDED_AVAILABILITY = YES_AGGRESSIVE;
				CLANG_WARN_UNREACHABLE_CODE = YES;
				CLANG_WARN__DUPLICATE_METHOD_MATCH = YES;
				COPY_PHASE_STRIP = NO;
				DEBUG_INFORMATION_FORMAT = dwarf;
				ENABLE_STRICT_OBJC_MSGSEND = YES;
				ENABLE_TESTABILITY = YES;
				ENABLE_USER_SCRIPT_SANDBOXING = YES;
				GCC_C_LANGUAGE_STANDARD = gnu17;
				GCC_DYNAMIC_NO_PIC = NO;
				GCC_NO_COMMON_BLOCKS = YES;
				GCC_OPTIMIZATION_LEVEL = 0;
				GCC_PREPROCESSOR_DEFINITIONS = (
					"DEBUG=1",
					"$(inherited)",
				);
				GCC_WARN_64_TO_32_BIT_CONVERSION = YES;
				GCC_WARN_ABOUT_RETURN_TYPE = YES_ERROR;
				GCC_WARN_UNDECLARED_SELECTOR = YES;
				GCC_WARN_UNINITIALIZED_AUTOS = YES_AGGRESSIVE;
				GCC_WARN_UNUSED_FUNCTION = YES;
				GCC_WARN_UNUSED_VARIABLE = YES;
				IPHONEOS_DEPLOYMENT_TARGET = 17.2;
				LOCALIZATION_PREFERS_STRING_CATALOGS = YES;
				MTL_ENABLE_DEBUG_INFO = INCLUDE_SOURCE;
				MTL_FAST_MATH = YES;
				ONLY_ACTIVE_ARCH = YES;
				SDKROOT = iphoneos;
				SWIFT_ACTIVE_COMPILATION_CONDITIONS = "DEBUG $(inherited)";
				SWIFT_OPTIMIZATION_LEVEL = "-Onone";
			};
			name = Debug;
		};
		C09409FE2C6732BC002A9075 /* Release */ = {
			isa = XCBuildConfiguration;
			buildSettings = {
				ALWAYS_SEARCH_USER_PATHS = NO;
				ASSETCATALOG_COMPILER_GENERATE_SWIFT_ASSET_SYMBOL_EXTENSIONS = YES;
				CLANG_ANALYZER_NONNULL = YES;
				CLANG_ANALYZER_NUMBER_OBJECT_CONVERSION = YES_AGGRESSIVE;
				CLANG_CXX_LANGUAGE_STANDARD = "gnu++20";
				CLANG_ENABLE_MODULES = YES;
				CLANG_ENABLE_OBJC_ARC = YES;
				CLANG_ENABLE_OBJC_WEAK = YES;
				CLANG_WARN_BLOCK_CAPTURE_AUTORELEASING = YES;
				CLANG_WARN_BOOL_CONVERSION = YES;
				CLANG_WARN_COMMA = YES;
				CLANG_WARN_CONSTANT_CONVERSION = YES;
				CLANG_WARN_DEPRECATED_OBJC_IMPLEMENTATIONS = YES;
				CLANG_WARN_DIRECT_OBJC_ISA_USAGE = YES_ERROR;
				CLANG_WARN_DOCUMENTATION_COMMENTS = YES;
				CLANG_WARN_EMPTY_BODY = YES;
				CLANG_WARN_ENUM_CONVERSION = YES;
				CLANG_WARN_INFINITE_RECURSION = YES;
				CLANG_WARN_INT_CONVERSION = YES;
				CLANG_WARN_NON_LITERAL_NULL_CONVERSION = YES;
				CLANG_WARN_OBJC_IMPLICIT_RETAIN_SELF = YES;
				CLANG_WARN_OBJC_LITERAL_CONVERSION = YES;
				CLANG_WARN_OBJC_ROOT_CLASS = YES_ERROR;
				CLANG_WARN_QUOTED_INCLUDE_IN_FRAMEWORK_HEADER = YES;
				CLANG_WARN_RANGE_LOOP_ANALYSIS = YES;
				CLANG_WARN_STRICT_PROTOTYPES = YES;
				CLANG_WARN_SUSPICIOUS_MOVE = YES;
				CLANG_WARN_UNGUARDED_AVAILABILITY = YES_AGGRESSIVE;
				CLANG_WARN_UNREACHABLE_CODE = YES;
				CLANG_WARN__DUPLICATE_METHOD_MATCH = YES;
				COPY_PHASE_STRIP = NO;
				DEBUG_INFORMATION_FORMAT = "dwarf-with-dsym";
				ENABLE_NS_ASSERTIONS = NO;
				ENABLE_STRICT_OBJC_MSGSEND = YES;
				ENABLE_USER_SCRIPT_SANDBOXING = YES;
				GCC_C_LANGUAGE_STANDARD = gnu17;
				GCC_NO_COMMON_BLOCKS = YES;
				GCC_WARN_64_TO_32_BIT_CONVERSION = YES;
				GCC_WARN_ABOUT_RETURN_TYPE = YES_ERROR;
				GCC_WARN_UNDECLARED_SELECTOR = YES;
				GCC_WARN_UNINITIALIZED_AUTOS = YES_AGGRESSIVE;
				GCC_WARN_UNUSED_FUNCTION = YES;
				GCC_WARN_UNUSED_VARIABLE = YES;
				IPHONEOS_DEPLOYMENT_TARGET = 17.2;
				LOCALIZATION_PREFERS_STRING_CATALOGS = YES;
				MTL_ENABLE_DEBUG_INFO = NO;
				MTL_FAST_MATH = YES;
				SDKROOT = iphoneos;
				SWIFT_COMPILATION_MODE = wholemodule;
				VALIDATE_PRODUCT = YES;
			};
			name = Release;
		};
		C0940A002C6732BC002A9075 /* Debug */ = {
			isa = XCBuildConfiguration;
			buildSettings = {
				ASSETCATALOG_COMPILER_APPICON_NAME = AppIcon;
				ASSETCATALOG_COMPILER_GLOBAL_ACCENT_COLOR_NAME = AccentColor;
				CODE_SIGN_STYLE = Automatic;
				CURRENT_PROJECT_VERSION = 1;
				DEVELOPMENT_ASSET_PATHS = "\"NPSSuggestions/Preview Content\"";
				ENABLE_PREVIEWS = YES;
				GENERATE_INFOPLIST_FILE = YES;
				INFOPLIST_KEY_UIApplicationSceneManifest_Generation = YES;
				INFOPLIST_KEY_UIApplicationSupportsIndirectInputEvents = YES;
				INFOPLIST_KEY_UILaunchScreen_Generation = YES;
				INFOPLIST_KEY_UISupportedInterfaceOrientations_iPad = "UIInterfaceOrientationPortrait UIInterfaceOrientationPortraitUpsideDown UIInterfaceOrientationLandscapeLeft UIInterfaceOrientationLandscapeRight";
				INFOPLIST_KEY_UISupportedInterfaceOrientations_iPhone = "UIInterfaceOrientationPortrait UIInterfaceOrientationLandscapeLeft UIInterfaceOrientationLandscapeRight";
				LD_RUNPATH_SEARCH_PATHS = (
					"$(inherited)",
					"@executable_path/Frameworks",
				);
				MARKETING_VERSION = 1.0;
				PRODUCT_BUNDLE_IDENTIFIER = ashtonglover.NPSSuggestions;
				PRODUCT_NAME = "$(TARGET_NAME)";
				SWIFT_EMIT_LOC_STRINGS = YES;
				SWIFT_VERSION = 5.0;
				TARGETED_DEVICE_FAMILY = "1,2";
			};
			name = Debug;
		};
		C0940A012C6732BC002A9075 /* Release */ = {
			isa = XCBuildConfiguration;
			buildSettings = {
				ASSETCATALOG_COMPILER_APPICON_NAME = AppIcon;
				ASSETCATALOG_COMPILER_GLOBAL_ACCENT_COLOR_NAME = AccentColor;
				CODE_SIGN_STYLE = Automatic;
				CURRENT_PROJECT_VERSION = 1;
				DEVELOPMENT_ASSET_PATHS = "\"NPSSuggestions/Preview Content\"";
				ENABLE_PREVIEWS = YES;
				GENERATE_INFOPLIST_FILE = YES;
				INFOPLIST_KEY_UIApplicationSceneManifest_Generation = YES;
				INFOPLIST_KEY_UIApplicationSupportsIndirectInputEvents = YES;
				INFOPLIST_KEY_UILaunchScreen_Generation = YES;
				INFOPLIST_KEY_UISupportedInterfaceOrientations_iPad = "UIInterfaceOrientationPortrait UIInterfaceOrientationPortraitUpsideDown UIInterfaceOrientationLandscapeLeft UIInterfaceOrientationLandscapeRight";
				INFOPLIST_KEY_UISupportedInterfaceOrientations_iPhone = "UIInterfaceOrientationPortrait UIInterfaceOrientationLandscapeLeft UIInterfaceOrientationLandscapeRight";
				LD_RUNPATH_SEARCH_PATHS = (
					"$(inherited)",
					"@executable_path/Frameworks",
				);
				MARKETING_VERSION = 1.0;
				PRODUCT_BUNDLE_IDENTIFIER = ashtonglover.NPSSuggestions;
				PRODUCT_NAME = "$(TARGET_NAME)";
				SWIFT_EMIT_LOC_STRINGS = YES;
				SWIFT_VERSION = 5.0;
				TARGETED_DEVICE_FAMILY = "1,2";
			};
			name = Release;
		};
/* End XCBuildConfiguration section */

/* Begin XCConfigurationList section */
		C09409EA2C6732BA002A9075 /* Build configuration list for PBXProject "NPSSuggestions" */ = {
			isa = XCConfigurationList;
			buildConfigurations = (
				C09409FD2C6732BC002A9075 /* Debug */,
				C09409FE2C6732BC002A9075 /* Release */,
			);
			defaultConfigurationIsVisible = 0;
			defaultConfigurationName = Release;
		};
		C09409FF2C6732BC002A9075 /* Build configuration list for PBXNativeTarget "NPSSuggestions" */ = {
			isa = XCConfigurationList;
			buildConfigurations = (
				C0940A002C6732BC002A9075 /* Debug */,
				C0940A012C6732BC002A9075 /* Release */,
			);
			defaultConfigurationIsVisible = 0;
			defaultConfigurationName = Release;
		};
/* End XCConfigurationList section */

/* Begin XCRemoteSwiftPackageReference section */
		C0940A022C677745002A9075 /* XCRemoteSwiftPackageReference "firebase-ios-sdk" */ = {
			isa = XCRemoteSwiftPackageReference;
			repositoryURL = "https://github.com/firebase/firebase-ios-sdk.git";
			requirement = {
				kind = upToNextMajorVersion;
				minimumVersion = 11.0.0;
			};
		};
/* End XCRemoteSwiftPackageReference section */

/* Begin XCSwiftPackageProductDependency section */
		C0940A032C677745002A9075 /* FirebaseAnalytics */ = {
			isa = XCSwiftPackageProductDependency;
			package = C0940A022C677745002A9075 /* XCRemoteSwiftPackageReference "firebase-ios-sdk" */;
			productName = FirebaseAnalytics;
		};
		C0940A052C677745002A9075 /* FirebaseAnalyticsOnDeviceConversion */ = {
			isa = XCSwiftPackageProductDependency;
			package = C0940A022C677745002A9075 /* XCRemoteSwiftPackageReference "firebase-ios-sdk" */;
			productName = FirebaseAnalyticsOnDeviceConversion;
		};
		C0940A072C677745002A9075 /* FirebaseAnalyticsWithoutAdIdSupport */ = {
			isa = XCSwiftPackageProductDependency;
			package = C0940A022C677745002A9075 /* XCRemoteSwiftPackageReference "firebase-ios-sdk" */;
			productName = FirebaseAnalyticsWithoutAdIdSupport;
		};
		C0940A092C677745002A9075 /* FirebaseAppCheck */ = {
			isa = XCSwiftPackageProductDependency;
			package = C0940A022C677745002A9075 /* XCRemoteSwiftPackageReference "firebase-ios-sdk" */;
			productName = FirebaseAppCheck;
		};
		C0940A0B2C677745002A9075 /* FirebaseAppDistribution-Beta */ = {
			isa = XCSwiftPackageProductDependency;
			package = C0940A022C677745002A9075 /* XCRemoteSwiftPackageReference "firebase-ios-sdk" */;
			productName = "FirebaseAppDistribution-Beta";
		};
		C0940A0D2C677745002A9075 /* FirebaseAuth */ = {
			isa = XCSwiftPackageProductDependency;
			package = C0940A022C677745002A9075 /* XCRemoteSwiftPackageReference "firebase-ios-sdk" */;
			productName = FirebaseAuth;
		};
		C0940A0F2C677745002A9075 /* FirebaseAuthCombine-Community */ = {
			isa = XCSwiftPackageProductDependency;
			package = C0940A022C677745002A9075 /* XCRemoteSwiftPackageReference "firebase-ios-sdk" */;
			productName = "FirebaseAuthCombine-Community";
		};
		C0940A112C677745002A9075 /* FirebaseCrashlytics */ = {
			isa = XCSwiftPackageProductDependency;
			package = C0940A022C677745002A9075 /* XCRemoteSwiftPackageReference "firebase-ios-sdk" */;
			productName = FirebaseCrashlytics;
		};
		C0940A132C677745002A9075 /* FirebaseDatabase */ = {
			isa = XCSwiftPackageProductDependency;
			package = C0940A022C677745002A9075 /* XCRemoteSwiftPackageReference "firebase-ios-sdk" */;
			productName = FirebaseDatabase;
		};
		C0940A152C677745002A9075 /* FirebaseDynamicLinks */ = {
			isa = XCSwiftPackageProductDependency;
			package = C0940A022C677745002A9075 /* XCRemoteSwiftPackageReference "firebase-ios-sdk" */;
			productName = FirebaseDynamicLinks;
		};
		C0940A172C677745002A9075 /* FirebaseFirestore */ = {
			isa = XCSwiftPackageProductDependency;
			package = C0940A022C677745002A9075 /* XCRemoteSwiftPackageReference "firebase-ios-sdk" */;
			productName = FirebaseFirestore;
		};
		C0940A192C677745002A9075 /* FirebaseFirestoreCombine-Community */ = {
			isa = XCSwiftPackageProductDependency;
			package = C0940A022C677745002A9075 /* XCRemoteSwiftPackageReference "firebase-ios-sdk" */;
			productName = "FirebaseFirestoreCombine-Community";
		};
		C0940A1B2C677745002A9075 /* FirebaseFunctions */ = {
			isa = XCSwiftPackageProductDependency;
			package = C0940A022C677745002A9075 /* XCRemoteSwiftPackageReference "firebase-ios-sdk" */;
			productName = FirebaseFunctions;
		};
		C0940A1D2C677745002A9075 /* FirebaseFunctionsCombine-Community */ = {
			isa = XCSwiftPackageProductDependency;
			package = C0940A022C677745002A9075 /* XCRemoteSwiftPackageReference "firebase-ios-sdk" */;
			productName = "FirebaseFunctionsCombine-Community";
		};
		C0940A1F2C677745002A9075 /* FirebaseInAppMessaging-Beta */ = {
			isa = XCSwiftPackageProductDependency;
			package = C0940A022C677745002A9075 /* XCRemoteSwiftPackageReference "firebase-ios-sdk" */;
			productName = "FirebaseInAppMessaging-Beta";
		};
		C0940A212C677745002A9075 /* FirebaseInstallations */ = {
			isa = XCSwiftPackageProductDependency;
			package = C0940A022C677745002A9075 /* XCRemoteSwiftPackageReference "firebase-ios-sdk" */;
			productName = FirebaseInstallations;
		};
		C0940A232C677745002A9075 /* FirebaseMLModelDownloader */ = {
			isa = XCSwiftPackageProductDependency;
			package = C0940A022C677745002A9075 /* XCRemoteSwiftPackageReference "firebase-ios-sdk" */;
			productName = FirebaseMLModelDownloader;
		};
		C0940A252C677745002A9075 /* FirebaseMessaging */ = {
			isa = XCSwiftPackageProductDependency;
			package = C0940A022C677745002A9075 /* XCRemoteSwiftPackageReference "firebase-ios-sdk" */;
			productName = FirebaseMessaging;
		};
		C0940A272C677745002A9075 /* FirebasePerformance */ = {
			isa = XCSwiftPackageProductDependency;
			package = C0940A022C677745002A9075 /* XCRemoteSwiftPackageReference "firebase-ios-sdk" */;
			productName = FirebasePerformance;
		};
		C0940A292C677745002A9075 /* FirebaseRemoteConfig */ = {
			isa = XCSwiftPackageProductDependency;
			package = C0940A022C677745002A9075 /* XCRemoteSwiftPackageReference "firebase-ios-sdk" */;
			productName = FirebaseRemoteConfig;
		};
		C0940A2B2C677745002A9075 /* FirebaseStorage */ = {
			isa = XCSwiftPackageProductDependency;
			package = C0940A022C677745002A9075 /* XCRemoteSwiftPackageReference "firebase-ios-sdk" */;
			productName = FirebaseStorage;
		};
		C0940A2D2C677745002A9075 /* FirebaseStorageCombine-Community */ = {
			isa = XCSwiftPackageProductDependency;
			package = C0940A022C677745002A9075 /* XCRemoteSwiftPackageReference "firebase-ios-sdk" */;
			productName = "FirebaseStorageCombine-Community";
		};
		C0940A2F2C677745002A9075 /* FirebaseVertexAI-Preview */ = {
			isa = XCSwiftPackageProductDependency;
			package = C0940A022C677745002A9075 /* XCRemoteSwiftPackageReference "firebase-ios-sdk" */;
			productName = "FirebaseVertexAI-Preview";
		};
		C0EB8D732C6865D100C7699E /* FirebaseAnalytics */ = {
			isa = XCSwiftPackageProductDependency;
			package = C0940A022C677745002A9075 /* XCRemoteSwiftPackageReference "firebase-ios-sdk" */;
			productName = FirebaseAnalytics;
		};
		C0EB8D752C6865D100C7699E /* FirebaseAnalyticsOnDeviceConversion */ = {
			isa = XCSwiftPackageProductDependency;
			package = C0940A022C677745002A9075 /* XCRemoteSwiftPackageReference "firebase-ios-sdk" */;
			productName = FirebaseAnalyticsOnDeviceConversion;
		};
		C0EB8D772C6865D100C7699E /* FirebaseAnalyticsWithoutAdIdSupport */ = {
			isa = XCSwiftPackageProductDependency;
			package = C0940A022C677745002A9075 /* XCRemoteSwiftPackageReference "firebase-ios-sdk" */;
			productName = FirebaseAnalyticsWithoutAdIdSupport;
		};
		C0EB8D792C6865D100C7699E /* FirebaseAppCheck */ = {
			isa = XCSwiftPackageProductDependency;
			package = C0940A022C677745002A9075 /* XCRemoteSwiftPackageReference "firebase-ios-sdk" */;
			productName = FirebaseAppCheck;
		};
		C0EB8D7B2C6865D100C7699E /* FirebaseAppDistribution-Beta */ = {
			isa = XCSwiftPackageProductDependency;
			package = C0940A022C677745002A9075 /* XCRemoteSwiftPackageReference "firebase-ios-sdk" */;
			productName = "FirebaseAppDistribution-Beta";
		};
		C0EB8D7D2C6865D100C7699E /* FirebaseAuth */ = {
			isa = XCSwiftPackageProductDependency;
			package = C0940A022C677745002A9075 /* XCRemoteSwiftPackageReference "firebase-ios-sdk" */;
			productName = FirebaseAuth;
		};
		C0EB8D7F2C6865D100C7699E /* FirebaseAuthCombine-Community */ = {
			isa = XCSwiftPackageProductDependency;
			package = C0940A022C677745002A9075 /* XCRemoteSwiftPackageReference "firebase-ios-sdk" */;
			productName = "FirebaseAuthCombine-Community";
		};
		C0EB8D812C6865D100C7699E /* FirebaseCrashlytics */ = {
			isa = XCSwiftPackageProductDependency;
			package = C0940A022C677745002A9075 /* XCRemoteSwiftPackageReference "firebase-ios-sdk" */;
			productName = FirebaseCrashlytics;
		};
		C0EB8D832C6865D100C7699E /* FirebaseDatabase */ = {
			isa = XCSwiftPackageProductDependency;
			package = C0940A022C677745002A9075 /* XCRemoteSwiftPackageReference "firebase-ios-sdk" */;
			productName = FirebaseDatabase;
		};
		C0EB8D852C6865D100C7699E /* FirebaseDynamicLinks */ = {
			isa = XCSwiftPackageProductDependency;
			package = C0940A022C677745002A9075 /* XCRemoteSwiftPackageReference "firebase-ios-sdk" */;
			productName = FirebaseDynamicLinks;
		};
		C0EB8D872C6865D100C7699E /* FirebaseFirestore */ = {
			isa = XCSwiftPackageProductDependency;
			package = C0940A022C677745002A9075 /* XCRemoteSwiftPackageReference "firebase-ios-sdk" */;
			productName = FirebaseFirestore;
		};
		C0EB8D892C6865D100C7699E /* FirebaseFirestoreCombine-Community */ = {
			isa = XCSwiftPackageProductDependency;
			package = C0940A022C677745002A9075 /* XCRemoteSwiftPackageReference "firebase-ios-sdk" */;
			productName = "FirebaseFirestoreCombine-Community";
		};
		C0EB8D8B2C6865D100C7699E /* FirebaseFunctions */ = {
			isa = XCSwiftPackageProductDependency;
			package = C0940A022C677745002A9075 /* XCRemoteSwiftPackageReference "firebase-ios-sdk" */;
			productName = FirebaseFunctions;
		};
		C0EB8D8D2C6865D100C7699E /* FirebaseFunctionsCombine-Community */ = {
			isa = XCSwiftPackageProductDependency;
			package = C0940A022C677745002A9075 /* XCRemoteSwiftPackageReference "firebase-ios-sdk" */;
			productName = "FirebaseFunctionsCombine-Community";
		};
		C0EB8D8F2C6865D100C7699E /* FirebaseInAppMessaging-Beta */ = {
			isa = XCSwiftPackageProductDependency;
			package = C0940A022C677745002A9075 /* XCRemoteSwiftPackageReference "firebase-ios-sdk" */;
			productName = "FirebaseInAppMessaging-Beta";
		};
		C0EB8D912C6865D100C7699E /* FirebaseInstallations */ = {
			isa = XCSwiftPackageProductDependency;
			package = C0940A022C677745002A9075 /* XCRemoteSwiftPackageReference "firebase-ios-sdk" */;
			productName = FirebaseInstallations;
		};
		C0EB8D932C6865D100C7699E /* FirebaseMLModelDownloader */ = {
			isa = XCSwiftPackageProductDependency;
			package = C0940A022C677745002A9075 /* XCRemoteSwiftPackageReference "firebase-ios-sdk" */;
			productName = FirebaseMLModelDownloader;
		};
		C0EB8D952C6865D100C7699E /* FirebaseMessaging */ = {
			isa = XCSwiftPackageProductDependency;
			package = C0940A022C677745002A9075 /* XCRemoteSwiftPackageReference "firebase-ios-sdk" */;
			productName = FirebaseMessaging;
		};
		C0EB8D972C6865D100C7699E /* FirebasePerformance */ = {
			isa = XCSwiftPackageProductDependency;
			package = C0940A022C677745002A9075 /* XCRemoteSwiftPackageReference "firebase-ios-sdk" */;
			productName = FirebasePerformance;
		};
		C0EB8D992C6865D100C7699E /* FirebaseRemoteConfig */ = {
			isa = XCSwiftPackageProductDependency;
			package = C0940A022C677745002A9075 /* XCRemoteSwiftPackageReference "firebase-ios-sdk" */;
			productName = FirebaseRemoteConfig;
		};
		C0EB8D9B2C6865D100C7699E /* FirebaseStorage */ = {
			isa = XCSwiftPackageProductDependency;
			package = C0940A022C677745002A9075 /* XCRemoteSwiftPackageReference "firebase-ios-sdk" */;
			productName = FirebaseStorage;
		};
		C0EB8D9D2C6865D100C7699E /* FirebaseStorageCombine-Community */ = {
			isa = XCSwiftPackageProductDependency;
			package = C0940A022C677745002A9075 /* XCRemoteSwiftPackageReference "firebase-ios-sdk" */;
			productName = "FirebaseStorageCombine-Community";
		};
		C0EB8D9F2C6865D100C7699E /* FirebaseVertexAI-Preview */ = {
			isa = XCSwiftPackageProductDependency;
			package = C0940A022C677745002A9075 /* XCRemoteSwiftPackageReference "firebase-ios-sdk" */;
			productName = "FirebaseVertexAI-Preview";
		};
/* End XCSwiftPackageProductDependency section */
	};
	rootObject = C09409E72C6732BA002A9075 /* Project object */;
}
